// !$*UTF8*$!
{
	archiveVersion = 1;
	classes = {
	};
	objectVersion = 46;
	objects = {

/* Begin PBXBuildFile section */
		6E3E1B761AF981CE00345E38 /* abletech_logo.png in Resources */ = {isa = PBXBuildFile; fileRef = 6E3E1B751AF981CE00345E38 /* abletech_logo.png */; };
		6E3E1B7B1AF9BFE500345E38 /* address_finder_logo.png in Resources */ = {isa = PBXBuildFile; fileRef = 6E3E1B7A1AF9BFE500345E38 /* address_finder_logo.png */; };
		6EE25CF41AF9D367002F8987 /* MapKit.framework in Frameworks */ = {isa = PBXBuildFile; fileRef = 6EE25CF31AF9D367002F8987 /* MapKit.framework */; };
		6EF47DE31AF872E600883B05 /* main.m in Sources */ = {isa = PBXBuildFile; fileRef = 6EF47DE21AF872E600883B05 /* main.m */; };
		6EF47DE61AF872E600883B05 /* AppDelegate.m in Sources */ = {isa = PBXBuildFile; fileRef = 6EF47DE51AF872E600883B05 /* AppDelegate.m */; };
		6EF47DE81AF872E600883B05 /* AFAutoCompleteDemo-Prefix.pch in Resources */ = {isa = PBXBuildFile; fileRef = 6EF47DE71AF872E600883B05 /* AFAutoCompleteDemo-Prefix.pch */; };
		6EF47DEA1AF872E600883B05 /* Images.xcassets in Resources */ = {isa = PBXBuildFile; fileRef = 6EF47DE91AF872E600883B05 /* Images.xcassets */; };
		6EF47DED1AF872E600883B05 /* LaunchScreen.xib in Resources */ = {isa = PBXBuildFile; fileRef = 6EF47DEB1AF872E600883B05 /* LaunchScreen.xib */; };
		6EF47DF91AF872E600883B05 /* AFAutoCompleteDemoTests.m in Sources */ = {isa = PBXBuildFile; fileRef = 6EF47DF81AF872E600883B05 /* AFAutoCompleteDemoTests.m */; };
		6EF47E051AF8738600883B05 /* AFAutoComplete.m in Sources */ = {isa = PBXBuildFile; fileRef = 6EF47E041AF8738600883B05 /* AFAutoComplete.m */; };
		6EF47E081AF873E700883B05 /* Main.storyboard in Resources */ = {isa = PBXBuildFile; fileRef = 6EF47E071AF873E700883B05 /* Main.storyboard */; };
		6EF47E0A1AF876D300883B05 /* AddressFinder.plist in Resources */ = {isa = PBXBuildFile; fileRef = 6EF47E091AF876D300883B05 /* AddressFinder.plist */; };
		6EF47E0D1AF87E4300883B05 /* MainViewController.m in Sources */ = {isa = PBXBuildFile; fileRef = 6EF47E0C1AF87E4300883B05 /* MainViewController.m */; };
/* End PBXBuildFile section */

/* Begin PBXContainerItemProxy section */
		6EF47DF31AF872E600883B05 /* PBXContainerItemProxy */ = {
			isa = PBXContainerItemProxy;
			containerPortal = 6EF47DD51AF872E600883B05 /* Project object */;
			proxyType = 1;
			remoteGlobalIDString = 6EF47DDC1AF872E600883B05;
			remoteInfo = AFAutoCompleteDemo;
		};
/* End PBXContainerItemProxy section */

/* Begin PBXFileReference section */
		6E3E1B751AF981CE00345E38 /* abletech_logo.png */ = {isa = PBXFileReference; lastKnownFileType = image.png; path = abletech_logo.png; sourceTree = "<group>"; };
		6E3E1B7A1AF9BFE500345E38 /* address_finder_logo.png */ = {isa = PBXFileReference; lastKnownFileType = image.png; path = address_finder_logo.png; sourceTree = "<group>"; };
		6EE25CF31AF9D367002F8987 /* MapKit.framework */ = {isa = PBXFileReference; lastKnownFileType = wrapper.framework; name = MapKit.framework; path = System/Library/Frameworks/MapKit.framework; sourceTree = SDKROOT; };
		6EF47DDD1AF872E600883B05 /* AFAutoCompleteDemo.app */ = {isa = PBXFileReference; explicitFileType = wrapper.application; includeInIndex = 0; path = AFAutoCompleteDemo.app; sourceTree = BUILT_PRODUCTS_DIR; };
		6EF47DE11AF872E600883B05 /* Info.plist */ = {isa = PBXFileReference; lastKnownFileType = text.plist.xml; path = Info.plist; sourceTree = "<group>"; };
		6EF47DE21AF872E600883B05 /* main.m */ = {isa = PBXFileReference; lastKnownFileType = sourcecode.c.objc; path = main.m; sourceTree = "<group>"; };
		6EF47DE41AF872E600883B05 /* AppDelegate.h */ = {isa = PBXFileReference; lastKnownFileType = sourcecode.c.h; path = AppDelegate.h; sourceTree = "<group>"; };
		6EF47DE51AF872E600883B05 /* AppDelegate.m */ = {isa = PBXFileReference; lastKnownFileType = sourcecode.c.objc; path = AppDelegate.m; sourceTree = "<group>"; };
		6EF47DE71AF872E600883B05 /* AFAutoCompleteDemo-Prefix.pch */ = {isa = PBXFileReference; lastKnownFileType = sourcecode.c.h; path = "AFAutoCompleteDemo-Prefix.pch"; sourceTree = "<group>"; };
		6EF47DE91AF872E600883B05 /* Images.xcassets */ = {isa = PBXFileReference; lastKnownFileType = folder.assetcatalog; path = Images.xcassets; sourceTree = "<group>"; };
		6EF47DEC1AF872E600883B05 /* Base */ = {isa = PBXFileReference; lastKnownFileType = file.xib; name = Base; path = Base.lproj/LaunchScreen.xib; sourceTree = "<group>"; };
		6EF47DF21AF872E600883B05 /* AFAutoCompleteDemoTests.xctest */ = {isa = PBXFileReference; explicitFileType = wrapper.cfbundle; includeInIndex = 0; path = AFAutoCompleteDemoTests.xctest; sourceTree = BUILT_PRODUCTS_DIR; };
		6EF47DF71AF872E600883B05 /* Info.plist */ = {isa = PBXFileReference; lastKnownFileType = text.plist.xml; path = Info.plist; sourceTree = "<group>"; };
		6EF47DF81AF872E600883B05 /* AFAutoCompleteDemoTests.m */ = {isa = PBXFileReference; lastKnownFileType = sourcecode.c.objc; path = AFAutoCompleteDemoTests.m; sourceTree = "<group>"; };
		6EF47E031AF8738600883B05 /* AFAutoComplete.h */ = {isa = PBXFileReference; fileEncoding = 4; lastKnownFileType = sourcecode.c.h; path = AFAutoComplete.h; sourceTree = "<group>"; };
		6EF47E041AF8738600883B05 /* AFAutoComplete.m */ = {isa = PBXFileReference; fileEncoding = 4; lastKnownFileType = sourcecode.c.objc; path = AFAutoComplete.m; sourceTree = "<group>"; };
		6EF47E071AF873E700883B05 /* Main.storyboard */ = {isa = PBXFileReference; fileEncoding = 4; lastKnownFileType = file.storyboard; path = Main.storyboard; sourceTree = "<group>"; };
		6EF47E091AF876D300883B05 /* AddressFinder.plist */ = {isa = PBXFileReference; fileEncoding = 4; lastKnownFileType = text.plist.xml; path = AddressFinder.plist; sourceTree = "<group>"; };
		6EF47E0B1AF87E4300883B05 /* MainViewController.h */ = {isa = PBXFileReference; fileEncoding = 4; lastKnownFileType = sourcecode.c.h; path = MainViewController.h; sourceTree = "<group>"; };
		6EF47E0C1AF87E4300883B05 /* MainViewController.m */ = {isa = PBXFileReference; fileEncoding = 4; lastKnownFileType = sourcecode.c.objc; path = MainViewController.m; sourceTree = "<group>"; };
/* End PBXFileReference section */

/* Begin PBXFrameworksBuildPhase section */
		6EF47DDA1AF872E600883B05 /* Frameworks */ = {
			isa = PBXFrameworksBuildPhase;
			buildActionMask = 2147483647;
			files = (
				6EE25CF41AF9D367002F8987 /* MapKit.framework in Frameworks */,
			);
			runOnlyForDeploymentPostprocessing = 0;
		};
		6EF47DEF1AF872E600883B05 /* Frameworks */ = {
			isa = PBXFrameworksBuildPhase;
			buildActionMask = 2147483647;
			files = (
			);
			runOnlyForDeploymentPostprocessing = 0;
		};
/* End PBXFrameworksBuildPhase section */

/* Begin PBXGroup section */
		6E3E1B771AF981D300345E38 /* Images */ = {
			isa = PBXGroup;
			children = (
				6E3E1B7A1AF9BFE500345E38 /* address_finder_logo.png */,
				6E3E1B751AF981CE00345E38 /* abletech_logo.png */,
			);
			name = Images;
			sourceTree = "<group>";
		};
		6EF47DD41AF872E600883B05 = {
			isa = PBXGroup;
			children = (
				6EE25CF31AF9D367002F8987 /* MapKit.framework */,
				6EF47DDF1AF872E600883B05 /* AFAutoCompleteDemo */,
				6EF47DF51AF872E600883B05 /* AFAutoCompleteDemoTests */,
				6EF47DDE1AF872E600883B05 /* Products */,
			);
			sourceTree = "<group>";
		};
		6EF47DDE1AF872E600883B05 /* Products */ = {
			isa = PBXGroup;
			children = (
				6EF47DDD1AF872E600883B05 /* AFAutoCompleteDemo.app */,
				6EF47DF21AF872E600883B05 /* AFAutoCompleteDemoTests.xctest */,
			);
			name = Products;
			sourceTree = "<group>";
		};
		6EF47DDF1AF872E600883B05 /* AFAutoCompleteDemo */ = {
			isa = PBXGroup;
			children = (
				6EF47E021AF8735600883B05 /* AFAutoComplete */,
				6EF47E0B1AF87E4300883B05 /* MainViewController.h */,
				6EF47E0C1AF87E4300883B05 /* MainViewController.m */,
				6EF47DE41AF872E600883B05 /* AppDelegate.h */,
				6EF47DE51AF872E600883B05 /* AppDelegate.m */,
				6EF47DE71AF872E600883B05 /* AFAutoCompleteDemo-Prefix.pch */,
				6EF47DE91AF872E600883B05 /* Images.xcassets */,
				6EF47DEB1AF872E600883B05 /* LaunchScreen.xib */,
				6EF47DE01AF872E600883B05 /* Supporting Files */,
				6EF47E071AF873E700883B05 /* Main.storyboard */,
				6E3E1B771AF981D300345E38 /* Images */,
				6EF47E091AF876D300883B05 /* AddressFinder.plist */,
			);
			path = AFAutoCompleteDemo;
			sourceTree = "<group>";
		};
		6EF47DE01AF872E600883B05 /* Supporting Files */ = {
			isa = PBXGroup;
			children = (
				6EF47DE11AF872E600883B05 /* Info.plist */,
				6EF47DE21AF872E600883B05 /* main.m */,
			);
			name = "Supporting Files";
			sourceTree = "<group>";
		};
		6EF47DF51AF872E600883B05 /* AFAutoCompleteDemoTests */ = {
			isa = PBXGroup;
			children = (
				6EF47DF81AF872E600883B05 /* AFAutoCompleteDemoTests.m */,
				6EF47DF61AF872E600883B05 /* Supporting Files */,
			);
			path = AFAutoCompleteDemoTests;
			sourceTree = "<group>";
		};
		6EF47DF61AF872E600883B05 /* Supporting Files */ = {
			isa = PBXGroup;
			children = (
				6EF47DF71AF872E600883B05 /* Info.plist */,
			);
			name = "Supporting Files";
			sourceTree = "<group>";
		};
		6EF47E021AF8735600883B05 /* AFAutoComplete */ = {
			isa = PBXGroup;
			children = (
				6EF47E031AF8738600883B05 /* AFAutoComplete.h */,
				6EF47E041AF8738600883B05 /* AFAutoComplete.m */,
			);
			name = AFAutoComplete;
			sourceTree = "<group>";
		};
/* End PBXGroup section */

/* Begin PBXNativeTarget section */
		6EF47DDC1AF872E600883B05 /* AFAutoCompleteDemo */ = {
			isa = PBXNativeTarget;
			buildConfigurationList = 6EF47DFC1AF872E600883B05 /* Build configuration list for PBXNativeTarget "AFAutoCompleteDemo" */;
			buildPhases = (
				6EF47DD91AF872E600883B05 /* Sources */,
				6EF47DDA1AF872E600883B05 /* Frameworks */,
				6EF47DDB1AF872E600883B05 /* Resources */,
			);
			buildRules = (
			);
			dependencies = (
			);
			name = AFAutoCompleteDemo;
			productName = AFAutoCompleteDemo;
			productReference = 6EF47DDD1AF872E600883B05 /* AFAutoCompleteDemo.app */;
			productType = "com.apple.product-type.application";
		};
		6EF47DF11AF872E600883B05 /* AFAutoCompleteDemoTests */ = {
			isa = PBXNativeTarget;
			buildConfigurationList = 6EF47DFF1AF872E600883B05 /* Build configuration list for PBXNativeTarget "AFAutoCompleteDemoTests" */;
			buildPhases = (
				6EF47DEE1AF872E600883B05 /* Sources */,
				6EF47DEF1AF872E600883B05 /* Frameworks */,
				6EF47DF01AF872E600883B05 /* Resources */,
			);
			buildRules = (
			);
			dependencies = (
				6EF47DF41AF872E600883B05 /* PBXTargetDependency */,
			);
			name = AFAutoCompleteDemoTests;
			productName = AFAutoCompleteDemoTests;
			productReference = 6EF47DF21AF872E600883B05 /* AFAutoCompleteDemoTests.xctest */;
			productType = "com.apple.product-type.bundle.unit-test";
		};
/* End PBXNativeTarget section */

/* Begin PBXProject section */
		6EF47DD51AF872E600883B05 /* Project object */ = {
			isa = PBXProject;
			attributes = {
				LastUpgradeCheck = 0630;
				ORGANIZATIONNAME = Abletech;
				TargetAttributes = {
					6EF47DDC1AF872E600883B05 = {
						CreatedOnToolsVersion = 6.3.1;
					};
					6EF47DF11AF872E600883B05 = {
						CreatedOnToolsVersion = 6.3.1;
						TestTargetID = 6EF47DDC1AF872E600883B05;
					};
				};
			};
			buildConfigurationList = 6EF47DD81AF872E600883B05 /* Build configuration list for PBXProject "AFAutoCompleteDemo" */;
			compatibilityVersion = "Xcode 3.2";
			developmentRegion = English;
			hasScannedForEncodings = 0;
			knownRegions = (
				en,
				Base,
			);
			mainGroup = 6EF47DD41AF872E600883B05;
			productRefGroup = 6EF47DDE1AF872E600883B05 /* Products */;
			projectDirPath = "";
			projectRoot = "";
			targets = (
				6EF47DDC1AF872E600883B05 /* AFAutoCompleteDemo */,
				6EF47DF11AF872E600883B05 /* AFAutoCompleteDemoTests */,
			);
		};
/* End PBXProject section */

/* Begin PBXResourcesBuildPhase section */
		6EF47DDB1AF872E600883B05 /* Resources */ = {
			isa = PBXResourcesBuildPhase;
			buildActionMask = 2147483647;
			files = (
				6EF47DE81AF872E600883B05 /* AFAutoCompleteDemo-Prefix.pch in Resources */,
				6EF47E0A1AF876D300883B05 /* AddressFinder.plist in Resources */,
				6E3E1B7B1AF9BFE500345E38 /* address_finder_logo.png in Resources */,
				6E3E1B761AF981CE00345E38 /* abletech_logo.png in Resources */,
				6EF47DED1AF872E600883B05 /* LaunchScreen.xib in Resources */,
				6EF47DEA1AF872E600883B05 /* Images.xcassets in Resources */,
				6EF47E081AF873E700883B05 /* Main.storyboard in Resources */,
			);
			runOnlyForDeploymentPostprocessing = 0;
		};
		6EF47DF01AF872E600883B05 /* Resources */ = {
			isa = PBXResourcesBuildPhase;
			buildActionMask = 2147483647;
			files = (
			);
			runOnlyForDeploymentPostprocessing = 0;
		};
/* End PBXResourcesBuildPhase section */

/* Begin PBXSourcesBuildPhase section */
		6EF47DD91AF872E600883B05 /* Sources */ = {
			isa = PBXSourcesBuildPhase;
			buildActionMask = 2147483647;
			files = (
				6EF47DE61AF872E600883B05 /* AppDelegate.m in Sources */,
				6EF47DE31AF872E600883B05 /* main.m in Sources */,
				6EF47E051AF8738600883B05 /* AFAutoComplete.m in Sources */,
				6EF47E0D1AF87E4300883B05 /* MainViewController.m in Sources */,
			);
			runOnlyForDeploymentPostprocessing = 0;
		};
		6EF47DEE1AF872E600883B05 /* Sources */ = {
			isa = PBXSourcesBuildPhase;
			buildActionMask = 2147483647;
			files = (
				6EF47DF91AF872E600883B05 /* AFAutoCompleteDemoTests.m in Sources */,
			);
			runOnlyForDeploymentPostprocessing = 0;
		};
/* End PBXSourcesBuildPhase section */

/* Begin PBXTargetDependency section */
		6EF47DF41AF872E600883B05 /* PBXTargetDependency */ = {
			isa = PBXTargetDependency;
			target = 6EF47DDC1AF872E600883B05 /* AFAutoCompleteDemo */;
			targetProxy = 6EF47DF31AF872E600883B05 /* PBXContainerItemProxy */;
		};
/* End PBXTargetDependency section */

/* Begin PBXVariantGroup section */
		6EF47DEB1AF872E600883B05 /* LaunchScreen.xib */ = {
			isa = PBXVariantGroup;
			children = (
				6EF47DEC1AF872E600883B05 /* Base */,
			);
			name = LaunchScreen.xib;
			sourceTree = "<group>";
		};
/* End PBXVariantGroup section */

/* Begin XCBuildConfiguration section */
		6EF47DFA1AF872E600883B05 /* Debug */ = {
			isa = XCBuildConfiguration;
			buildSettings = {
				ALWAYS_SEARCH_USER_PATHS = NO;
				CLANG_CXX_LANGUAGE_STANDARD = "gnu++0x";
				CLANG_CXX_LIBRARY = "libc++";
				CLANG_ENABLE_MODULES = YES;
				CLANG_ENABLE_OBJC_ARC = YES;
				CLANG_WARN_BOOL_CONVERSION = YES;
				CLANG_WARN_CONSTANT_CONVERSION = YES;
				CLANG_WARN_DIRECT_OBJC_ISA_USAGE = YES_ERROR;
				CLANG_WARN_EMPTY_BODY = YES;
				CLANG_WARN_ENUM_CONVERSION = YES;
				CLANG_WARN_INT_CONVERSION = YES;
				CLANG_WARN_OBJC_ROOT_CLASS = YES_ERROR;
				CLANG_WARN_UNREACHABLE_CODE = YES;
				CLANG_WARN__DUPLICATE_METHOD_MATCH = YES;
				"CODE_SIGN_IDENTITY[sdk=iphoneos*]" = "iPhone Developer";
				COPY_PHASE_STRIP = NO;
				DEBUG_INFORMATION_FORMAT = "dwarf-with-dsym";
				ENABLE_STRICT_OBJC_MSGSEND = YES;
				GCC_C_LANGUAGE_STANDARD = gnu99;
				GCC_DYNAMIC_NO_PIC = NO;
				GCC_NO_COMMON_BLOCKS = YES;
				GCC_OPTIMIZATION_LEVEL = 0;
				GCC_PREPROCESSOR_DEFINITIONS = (
					"DEBUG=1",
					"$(inherited)",
				);
				GCC_SYMBOLS_PRIVATE_EXTERN = NO;
				GCC_WARN_64_TO_32_BIT_CONVERSION = YES;
				GCC_WARN_ABOUT_RETURN_TYPE = YES_ERROR;
				GCC_WARN_UNDECLARED_SELECTOR = YES;
				GCC_WARN_UNINITIALIZED_AUTOS = YES_AGGRESSIVE;
				GCC_WARN_UNUSED_FUNCTION = YES;
				GCC_WARN_UNUSED_VARIABLE = YES;
				IPHONEOS_DEPLOYMENT_TARGET = 8.3;
				MTL_ENABLE_DEBUG_INFO = YES;
				ONLY_ACTIVE_ARCH = YES;
				SDKROOT = iphoneos;
			};
			name = Debug;
		};
		6EF47DFB1AF872E600883B05 /* Release */ = {
			isa = XCBuildConfiguration;
			buildSettings = {
				ALWAYS_SEARCH_USER_PATHS = NO;
				CLANG_CXX_LANGUAGE_STANDARD = "gnu++0x";
				CLANG_CXX_LIBRARY = "libc++";
				CLANG_ENABLE_MODULES = YES;
				CLANG_ENABLE_OBJC_ARC = YES;
				CLANG_WARN_BOOL_CONVERSION = YES;
				CLANG_WARN_CONSTANT_CONVERSION = YES;
				CLANG_WARN_DIRECT_OBJC_ISA_USAGE = YES_ERROR;
				CLANG_WARN_EMPTY_BODY = YES;
				CLANG_WARN_ENUM_CONVERSION = YES;
				CLANG_WARN_INT_CONVERSION = YES;
				CLANG_WARN_OBJC_ROOT_CLASS = YES_ERROR;
				CLANG_WARN_UNREACHABLE_CODE = YES;
				CLANG_WARN__DUPLICATE_METHOD_MATCH = YES;
				"CODE_SIGN_IDENTITY[sdk=iphoneos*]" = "iPhone Developer";
				COPY_PHASE_STRIP = NO;
				DEBUG_INFORMATION_FORMAT = "dwarf-with-dsym";
				ENABLE_NS_ASSERTIONS = NO;
				ENABLE_STRICT_OBJC_MSGSEND = YES;
				GCC_C_LANGUAGE_STANDARD = gnu99;
				GCC_NO_COMMON_BLOCKS = YES;
				GCC_WARN_64_TO_32_BIT_CONVERSION = YES;
				GCC_WARN_ABOUT_RETURN_TYPE = YES_ERROR;
				GCC_WARN_UNDECLARED_SELECTOR = YES;
				GCC_WARN_UNINITIALIZED_AUTOS = YES_AGGRESSIVE;
				GCC_WARN_UNUSED_FUNCTION = YES;
				GCC_WARN_UNUSED_VARIABLE = YES;
				IPHONEOS_DEPLOYMENT_TARGET = 8.3;
				MTL_ENABLE_DEBUG_INFO = NO;
				SDKROOT = iphoneos;
				VALIDATE_PRODUCT = YES;
			};
			name = Release;
		};
		6EF47DFD1AF872E600883B05 /* Debug */ = {
			isa = XCBuildConfiguration;
			buildSettings = {
				ASSETCATALOG_COMPILER_APPICON_NAME = AppIcon;
				INFOPLIST_FILE = AFAutoCompleteDemo/Info.plist;
				LD_RUNPATH_SEARCH_PATHS = "$(inherited) @executable_path/Frameworks";
				PRODUCT_NAME = "$(TARGET_NAME)";
			};
			name = Debug;
		};
		6EF47DFE1AF872E600883B05 /* Release */ = {
			isa = XCBuildConfiguration;
			buildSettings = {
				ASSETCATALOG_COMPILER_APPICON_NAME = AppIcon;
				INFOPLIST_FILE = AFAutoCompleteDemo/Info.plist;
				LD_RUNPATH_SEARCH_PATHS = "$(inherited) @executable_path/Frameworks";
				PRODUCT_NAME = "$(TARGET_NAME)";
			};
			name = Release;
		};
		6EF47E001AF872E600883B05 /* Debug */ = {
			isa = XCBuildConfiguration;
			buildSettings = {
				BUNDLE_LOADER = "$(TEST_HOST)";
				FRAMEWORK_SEARCH_PATHS = (
					"$(SDKROOT)/Developer/Library/Frameworks",
					"$(inherited)",
				);
				GCC_PREPROCESSOR_DEFINITIONS = (
					"DEBUG=1",
					"$(inherited)",
				);
				INFOPLIST_FILE = AFAutoCompleteDemoTests/Info.plist;
				LD_RUNPATH_SEARCH_PATHS = "$(inherited) @executable_path/Frameworks @loader_path/Frameworks";
				PRODUCT_NAME = "$(TARGET_NAME)";
				TEST_HOST = "$(BUILT_PRODUCTS_DIR)/AFAutoCompleteDemo.app/AFAutoCompleteDemo";
			};
			name = Debug;
		};
		6EF47E011AF872E600883B05 /* Release */ = {
			isa = XCBuildConfiguration;
			buildSettings = {
				BUNDLE_LOADER = "$(TEST_HOST)";
				FRAMEWORK_SEARCH_PATHS = (
					"$(SDKROOT)/Developer/Library/Frameworks",
					"$(inherited)",
				);
				INFOPLIST_FILE = AFAutoCompleteDemoTests/Info.plist;
				LD_RUNPATH_SEARCH_PATHS = "$(inherited) @executable_path/Frameworks @loader_path/Frameworks";
				PRODUCT_NAME = "$(TARGET_NAME)";
				TEST_HOST = "$(BUILT_PRODUCTS_DIR)/AFAutoCompleteDemo.app/AFAutoCompleteDemo";
			};
			name = Release;
		};
/* End XCBuildConfiguration section */

/* Begin XCConfigurationList section */
		6EF47DD81AF872E600883B05 /* Build configuration list for PBXProject "AFAutoCompleteDemo" */ = {
			isa = XCConfigurationList;
			buildConfigurations = (
				6EF47DFA1AF872E600883B05 /* Debug */,
				6EF47DFB1AF872E600883B05 /* Release */,
			);
			defaultConfigurationIsVisible = 0;
			defaultConfigurationName = Release;
		};
		6EF47DFC1AF872E600883B05 /* Build configuration list for PBXNativeTarget "AFAutoCompleteDemo" */ = {
			isa = XCConfigurationList;
			buildConfigurations = (
				6EF47DFD1AF872E600883B05 /* Debug */,
				6EF47DFE1AF872E600883B05 /* Release */,
			);
			defaultConfigurationIsVisible = 0;
			defaultConfigurationName = Release;
		};
		6EF47DFF1AF872E600883B05 /* Build configuration list for PBXNativeTarget "AFAutoCompleteDemoTests" */ = {
			isa = XCConfigurationList;
			buildConfigurations = (
				6EF47E001AF872E600883B05 /* Debug */,
				6EF47E011AF872E600883B05 /* Release */,
			);
			defaultConfigurationIsVisible = 0;
			defaultConfigurationName = Release;
		};
/* End XCConfigurationList section */
	};
	rootObject = 6EF47DD51AF872E600883B05 /* Project object */;
}
